
Microsoft Visual Studio Solution File, Format Version 12.00
# Visual Studio Version 17
VisualStudioVersion = 17.9.34616.47
MinimumVisualStudioVersion = 10.0.40219.1
Project("{9A19103F-16F7-4668-BE54-9A1E7A4F7556}") = "TournamentTrackerLibaray", "TurnamentTrackerLibaray\TournamentTrackerLibaray.csproj", "{1ABC058A-D037-4F18-BDF4-6A534E9EDE92}"
EndProject
Project("{9A19103F-16F7-4668-BE54-9A1E7A4F7556}") = "TrunamentTrackerUI", "TrunamentTrackerUI\TrunamentTrackerUI.csproj", "{4BFFC5DE-1F57-41B9-A40B-2A24C86D61EA}"
EndProject
Global
	GlobalSection(SolutionConfigurationPlatforms) = preSolution
		Debug|Any CPU = Debug|Any CPU
		Release|Any CPU = Release|Any CPU
	EndGlobalSection
	GlobalSection(ProjectConfigurationPlatforms) = postSolution
		{1ABC058A-D037-4F18-BDF4-6A534E9EDE92}.Debug|Any CPU.ActiveCfg = Debug|Any CPU
		{1ABC058A-D037-4F18-BDF4-6A534E9EDE92}.Debug|Any CPU.Build.0 = Debug|Any CPU
		{1ABC058A-D037-4F18-BDF4-6A534E9EDE92}.Release|Any CPU.ActiveCfg = Release|Any CPU
		{1ABC058A-D037-4F18-BDF4-6A534E9EDE92}.Release|Any CPU.Build.0 = Release|Any CPU
		{4BFFC5DE-1F57-41B9-A40B-2A24C86D61EA}.Debug|Any CPU.ActiveCfg = Debug|Any CPU
		{4BFFC5DE-1F57-41B9-A40B-2A24C86D61EA}.Debug|Any CPU.Build.0 = Debug|Any CPU
		{4BFFC5DE-1F57-41B9-A40B-2A24C86D61EA}.Release|Any CPU.ActiveCfg = Release|Any CPU
		{4BFFC5DE-1F57-41B9-A40B-2A24C86D61EA}.Release|Any CPU.Build.0 = Release|Any CPU
	EndGlobalSection
	GlobalSection(SolutionProperties) = preSolution
		HideSolutionNode = FALSE
	EndGlobalSection
	GlobalSection(ExtensibilityGlobals) = postSolution
		SolutionGuid = {415DB9FB-FF27-4A03-8E10-5C8981482551}
	EndGlobalSection
EndGlobal
